
Microsoft Visual Studio Solution File, Format Version 12.00
# Visual Studio Version 17
VisualStudioVersion = 17.14.36623.8
MinimumVisualStudioVersion = 10.0.40219.1
Project("{FAE04EC0-301F-11D3-BF4B-00C04F79EFBC}") = "lamaMeedellin.API", "lamaMeedellin.API\lamaMeedellin.API.csproj", "{0B1CC624-A191-42CC-853C-19DF5D9967FC}"
EndProject
Project("{FAE04EC0-301F-11D3-BF4B-00C04F79EFBC}") = "LAMAMEdellin.client", "LAMAMEdellin\LAMAMEdellin.client.csproj", "{2AB6940C-1420-40F9-B346-8109ED865646}"
EndProject
Global
	GlobalSection(SolutionConfigurationPlatforms) = preSolution
		Debug|Any CPU = Debug|Any CPU
		Release|Any CPU = Release|Any CPU
	EndGlobalSection
	GlobalSection(ProjectConfigurationPlatforms) = postSolution
		{0B1CC624-A191-42CC-853C-19DF5D9967FC}.Debug|Any CPU.ActiveCfg = Debug|Any CPU
		{0B1CC624-A191-42CC-853C-19DF5D9967FC}.Debug|Any CPU.Build.0 = Debug|Any CPU
		{0B1CC624-A191-42CC-853C-19DF5D9967FC}.Release|Any CPU.ActiveCfg = Release|Any CPU
		{0B1CC624-A191-42CC-853C-19DF5D9967FC}.Release|Any CPU.Build.0 = Release|Any CPU
		{2AB6940C-1420-40F9-B346-8109ED865646}.Debug|Any CPU.ActiveCfg = Debug|Any CPU
		{2AB6940C-1420-40F9-B346-8109ED865646}.Debug|Any CPU.Build.0 = Debug|Any CPU
		{2AB6940C-1420-40F9-B346-8109ED865646}.Release|Any CPU.ActiveCfg = Release|Any CPU
		{2AB6940C-1420-40F9-B346-8109ED865646}.Release|Any CPU.Build.0 = Release|Any CPU
	EndGlobalSection
	GlobalSection(SolutionProperties) = preSolution
		HideSolutionNode = FALSE
	EndGlobalSection
	GlobalSection(ExtensibilityGlobals) = postSolution
		SolutionGuid = {C52751B6-D4FD-499F-B3C8-12E57F24ABDB}
	EndGlobalSection
EndGlobal
